
Microsoft Visual Studio Solution File, Format Version 12.00
# Visual Studio 15
VisualStudioVersion = 15.0.28307.421
MinimumVisualStudioVersion = 10.0.40219.1
Project("{8BC9CEB8-8B4A-11D0-8D11-00A0C91BC942}") = "BaekJoon_Greedy", "BaekJoon_Greedy\BaekJoon_Greedy.vcxproj", "{CB6AD62D-6B19-4979-8F0B-C70F686EA350}"
EndProject
Project("{8BC9CEB8-8B4A-11D0-8D11-00A0C91BC942}") = "동전0", "동전0\동전0.vcxproj", "{F31F32A6-0C70-4E4C-B9CA-56040D0F49C6}"
EndProject
Project("{8BC9CEB8-8B4A-11D0-8D11-00A0C91BC942}") = "Problem1931", "Problem1931\Problem1931.vcxproj", "{FA924E68-BAD5-468C-8720-0CC0C8AC98E8}"
EndProject
Project("{8BC9CEB8-8B4A-11D0-8D11-00A0C91BC942}") = "Problem5585", "Problem5585\Problem5585.vcxproj", "{68068A41-E4CB-48ED-B474-7D5988518711}"
EndProject
Project("{8BC9CEB8-8B4A-11D0-8D11-00A0C91BC942}") = "Problem2217", "Problem2217\Problem2217.vcxproj", "{5B6488F0-8E72-4D1C-B47D-291A970C8804}"
EndProject
Project("{8BC9CEB8-8B4A-11D0-8D11-00A0C91BC942}") = "Problem10610", "Problem10610\Problem10610.vcxproj", "{C9C6E20F-E603-4E0F-9388-CF92054B5223}"
EndProject
Project("{8BC9CEB8-8B4A-11D0-8D11-00A0C91BC942}") = "Problem2875", "Problem2875\Problem2875.vcxproj", "{C56AF85B-D3C3-4029-9CEF-04DE0EE71C29}"
EndProject
Project("{8BC9CEB8-8B4A-11D0-8D11-00A0C91BC942}") = "Problem1120", "Problem1120\Problem1120.vcxproj", "{7D175298-DE7C-46CA-A172-6338414C0352}"
EndProject
Project("{8BC9CEB8-8B4A-11D0-8D11-00A0C91BC942}") = "Problem1946", "Problem1946\Problem1946.vcxproj", "{4992AE4C-C814-40BD-BF7A-1093105F8B16}"
EndProject
Project("{8BC9CEB8-8B4A-11D0-8D11-00A0C91BC942}") = "Problem1049", "Problem1049\Problem1049.vcxproj", "{B37B3D0D-ED72-4B79-BE0F-B6B017E7A3ED}"
EndProject
Global
	GlobalSection(SolutionConfigurationPlatforms) = preSolution
		Debug|x64 = Debug|x64
		Debug|x86 = Debug|x86
		Release|x64 = Release|x64
		Release|x86 = Release|x86
	EndGlobalSection
	GlobalSection(ProjectConfigurationPlatforms) = postSolution
		{CB6AD62D-6B19-4979-8F0B-C70F686EA350}.Debug|x64.ActiveCfg = Debug|x64
		{CB6AD62D-6B19-4979-8F0B-C70F686EA350}.Debug|x64.Build.0 = Debug|x64
		{CB6AD62D-6B19-4979-8F0B-C70F686EA350}.Debug|x86.ActiveCfg = Debug|Win32
		{CB6AD62D-6B19-4979-8F0B-C70F686EA350}.Debug|x86.Build.0 = Debug|Win32
		{CB6AD62D-6B19-4979-8F0B-C70F686EA350}.Release|x64.ActiveCfg = Release|x64
		{CB6AD62D-6B19-4979-8F0B-C70F686EA350}.Release|x64.Build.0 = Release|x64
		{CB6AD62D-6B19-4979-8F0B-C70F686EA350}.Release|x86.ActiveCfg = Release|Win32
		{CB6AD62D-6B19-4979-8F0B-C70F686EA350}.Release|x86.Build.0 = Release|Win32
		{F31F32A6-0C70-4E4C-B9CA-56040D0F49C6}.Debug|x64.ActiveCfg = Debug|x64
		{F31F32A6-0C70-4E4C-B9CA-56040D0F49C6}.Debug|x64.Build.0 = Debug|x64
		{F31F32A6-0C70-4E4C-B9CA-56040D0F49C6}.Debug|x86.ActiveCfg = Debug|Win32
		{F31F32A6-0C70-4E4C-B9CA-56040D0F49C6}.Debug|x86.Build.0 = Debug|Win32
		{F31F32A6-0C70-4E4C-B9CA-56040D0F49C6}.Release|x64.ActiveCfg = Release|x64
		{F31F32A6-0C70-4E4C-B9CA-56040D0F49C6}.Release|x64.Build.0 = Release|x64
		{F31F32A6-0C70-4E4C-B9CA-56040D0F49C6}.Release|x86.ActiveCfg = Release|Win32
		{F31F32A6-0C70-4E4C-B9CA-56040D0F49C6}.Release|x86.Build.0 = Release|Win32
		{FA924E68-BAD5-468C-8720-0CC0C8AC98E8}.Debug|x64.ActiveCfg = Debug|x64
		{FA924E68-BAD5-468C-8720-0CC0C8AC98E8}.Debug|x64.Build.0 = Debug|x64
		{FA924E68-BAD5-468C-8720-0CC0C8AC98E8}.Debug|x86.ActiveCfg = Debug|Win32
		{FA924E68-BAD5-468C-8720-0CC0C8AC98E8}.Debug|x86.Build.0 = Debug|Win32
		{FA924E68-BAD5-468C-8720-0CC0C8AC98E8}.Release|x64.ActiveCfg = Release|x64
		{FA924E68-BAD5-468C-8720-0CC0C8AC98E8}.Release|x64.Build.0 = Release|x64
		{FA924E68-BAD5-468C-8720-0CC0C8AC98E8}.Release|x86.ActiveCfg = Release|Win32
		{FA924E68-BAD5-468C-8720-0CC0C8AC98E8}.Release|x86.Build.0 = Release|Win32
		{68068A41-E4CB-48ED-B474-7D5988518711}.Debug|x64.ActiveCfg = Debug|x64
		{68068A41-E4CB-48ED-B474-7D5988518711}.Debug|x64.Build.0 = Debug|x64
		{68068A41-E4CB-48ED-B474-7D5988518711}.Debug|x86.ActiveCfg = Debug|Win32
		{68068A41-E4CB-48ED-B474-7D5988518711}.Debug|x86.Build.0 = Debug|Win32
		{68068A41-E4CB-48ED-B474-7D5988518711}.Release|x64.ActiveCfg = Release|x64
		{68068A41-E4CB-48ED-B474-7D5988518711}.Release|x64.Build.0 = Release|x64
		{68068A41-E4CB-48ED-B474-7D5988518711}.Release|x86.ActiveCfg = Release|Win32
		{68068A41-E4CB-48ED-B474-7D5988518711}.Release|x86.Build.0 = Release|Win32
		{5B6488F0-8E72-4D1C-B47D-291A970C8804}.Debug|x64.ActiveCfg = Debug|x64
		{5B6488F0-8E72-4D1C-B47D-291A970C8804}.Debug|x64.Build.0 = Debug|x64
		{5B6488F0-8E72-4D1C-B47D-291A970C8804}.Debug|x86.ActiveCfg = Debug|Win32
		{5B6488F0-8E72-4D1C-B47D-291A970C8804}.Debug|x86.Build.0 = Debug|Win32
		{5B6488F0-8E72-4D1C-B47D-291A970C8804}.Release|x64.ActiveCfg = Release|x64
		{5B6488F0-8E72-4D1C-B47D-291A970C8804}.Release|x64.Build.0 = Release|x64
		{5B6488F0-8E72-4D1C-B47D-291A970C8804}.Release|x86.ActiveCfg = Release|Win32
		{5B6488F0-8E72-4D1C-B47D-291A970C8804}.Release|x86.Build.0 = Release|Win32
		{C9C6E20F-E603-4E0F-9388-CF92054B5223}.Debug|x64.ActiveCfg = Debug|x64
		{C9C6E20F-E603-4E0F-9388-CF92054B5223}.Debug|x64.Build.0 = Debug|x64
		{C9C6E20F-E603-4E0F-9388-CF92054B5223}.Debug|x86.ActiveCfg = Debug|Win32
		{C9C6E20F-E603-4E0F-9388-CF92054B5223}.Debug|x86.Build.0 = Debug|Win32
		{C9C6E20F-E603-4E0F-9388-CF92054B5223}.Release|x64.ActiveCfg = Release|x64
		{C9C6E20F-E603-4E0F-9388-CF92054B5223}.Release|x64.Build.0 = Release|x64
		{C9C6E20F-E603-4E0F-9388-CF92054B5223}.Release|x86.ActiveCfg = Release|Win32
		{C9C6E20F-E603-4E0F-9388-CF92054B5223}.Release|x86.Build.0 = Release|Win32
		{C56AF85B-D3C3-4029-9CEF-04DE0EE71C29}.Debug|x64.ActiveCfg = Debug|x64
		{C56AF85B-D3C3-4029-9CEF-04DE0EE71C29}.Debug|x64.Build.0 = Debug|x64
		{C56AF85B-D3C3-4029-9CEF-04DE0EE71C29}.Debug|x86.ActiveCfg = Debug|Win32
		{C56AF85B-D3C3-4029-9CEF-04DE0EE71C29}.Debug|x86.Build.0 = Debug|Win32
		{C56AF85B-D3C3-4029-9CEF-04DE0EE71C29}.Release|x64.ActiveCfg = Release|x64
		{C56AF85B-D3C3-4029-9CEF-04DE0EE71C29}.Release|x64.Build.0 = Release|x64
		{C56AF85B-D3C3-4029-9CEF-04DE0EE71C29}.Release|x86.ActiveCfg = Release|Win32
		{C56AF85B-D3C3-4029-9CEF-04DE0EE71C29}.Release|x86.Build.0 = Release|Win32
		{7D175298-DE7C-46CA-A172-6338414C0352}.Debug|x64.ActiveCfg = Debug|x64
		{7D175298-DE7C-46CA-A172-6338414C0352}.Debug|x64.Build.0 = Debug|x64
		{7D175298-DE7C-46CA-A172-6338414C0352}.Debug|x86.ActiveCfg = Debug|Win32
		{7D175298-DE7C-46CA-A172-6338414C0352}.Debug|x86.Build.0 = Debug|Win32
		{7D175298-DE7C-46CA-A172-6338414C0352}.Release|x64.ActiveCfg = Release|x64
		{7D175298-DE7C-46CA-A172-6338414C0352}.Release|x64.Build.0 = Release|x64
		{7D175298-DE7C-46CA-A172-6338414C0352}.Release|x86.ActiveCfg = Release|Win32
		{7D175298-DE7C-46CA-A172-6338414C0352}.Release|x86.Build.0 = Release|Win32
		{4992AE4C-C814-40BD-BF7A-1093105F8B16}.Debug|x64.ActiveCfg = Debug|x64
		{4992AE4C-C814-40BD-BF7A-1093105F8B16}.Debug|x64.Build.0 = Debug|x64
		{4992AE4C-C814-40BD-BF7A-1093105F8B16}.Debug|x86.ActiveCfg = Debug|Win32
		{4992AE4C-C814-40BD-BF7A-1093105F8B16}.Debug|x86.Build.0 = Debug|Win32
		{4992AE4C-C814-40BD-BF7A-1093105F8B16}.Release|x64.ActiveCfg = Release|x64
		{4992AE4C-C814-40BD-BF7A-1093105F8B16}.Release|x64.Build.0 = Release|x64
		{4992AE4C-C814-40BD-BF7A-1093105F8B16}.Release|x86.ActiveCfg = Release|Win32
		{4992AE4C-C814-40BD-BF7A-1093105F8B16}.Release|x86.Build.0 = Release|Win32
		{B37B3D0D-ED72-4B79-BE0F-B6B017E7A3ED}.Debug|x64.ActiveCfg = Debug|x64
		{B37B3D0D-ED72-4B79-BE0F-B6B017E7A3ED}.Debug|x64.Build.0 = Debug|x64
		{B37B3D0D-ED72-4B79-BE0F-B6B017E7A3ED}.Debug|x86.ActiveCfg = Debug|Win32
		{B37B3D0D-ED72-4B79-BE0F-B6B017E7A3ED}.Debug|x86.Build.0 = Debug|Win32
		{B37B3D0D-ED72-4B79-BE0F-B6B017E7A3ED}.Release|x64.ActiveCfg = Release|x64
		{B37B3D0D-ED72-4B79-BE0F-B6B017E7A3ED}.Release|x64.Build.0 = Release|x64
		{B37B3D0D-ED72-4B79-BE0F-B6B017E7A3ED}.Release|x86.ActiveCfg = Release|Win32
		{B37B3D0D-ED72-4B79-BE0F-B6B017E7A3ED}.Release|x86.Build.0 = Release|Win32
	EndGlobalSection
	GlobalSection(SolutionProperties) = preSolution
		HideSolutionNode = FALSE
	EndGlobalSection
	GlobalSection(ExtensibilityGlobals) = postSolution
		SolutionGuid = {6CA4DC4D-55AE-4236-9DBB-2D0BD1C20A6E}
	EndGlobalSection
EndGlobal
